// !$*UTF8*$!
{
	archiveVersion = 1;
	classes = {
	};
	objectVersion = 56;
	objects = {

/* Begin PBXBuildFile section */
		C06C6F6A2AB41181009A1017 /* RegEventApp.swift in Sources */ = {isa = PBXBuildFile; fileRef = C06C6F692AB41181009A1017 /* RegEventApp.swift */; };
		C06C6F6C2AB41181009A1017 /* ContentView.swift in Sources */ = {isa = PBXBuildFile; fileRef = C06C6F6B2AB41181009A1017 /* ContentView.swift */; };
		C06C6F6E2AB41182009A1017 /* Assets.xcassets in Resources */ = {isa = PBXBuildFile; fileRef = C06C6F6D2AB41182009A1017 /* Assets.xcassets */; };
		C06C6F712AB41182009A1017 /* Preview Assets.xcassets in Resources */ = {isa = PBXBuildFile; fileRef = C06C6F702AB41182009A1017 /* Preview Assets.xcassets */; };
		C06C6F782AB41462009A1017 /* Single.swift in Sources */ = {isa = PBXBuildFile; fileRef = C06C6F772AB41462009A1017 /* Single.swift */; };
		C06C6F7A2AB468D3009A1017 /* Event.swift in Sources */ = {isa = PBXBuildFile; fileRef = C06C6F792AB468D3009A1017 /* Event.swift */; };
		C06C6F802AB48A1F009A1017 /* ModelData.swift in Sources */ = {isa = PBXBuildFile; fileRef = C06C6F7F2AB48A1F009A1017 /* ModelData.swift */; };
		C06C6F822AB48AE0009A1017 /* EventEdit.swift in Sources */ = {isa = PBXBuildFile; fileRef = C06C6F812AB48AE0009A1017 /* EventEdit.swift */; };
		C06C6F852AB4B6CC009A1017 /* locationData.json in Resources */ = {isa = PBXBuildFile; fileRef = C06C6F842AB4B6CC009A1017 /* locationData.json */; };
		C06C6F872AB4BA51009A1017 /* Location.swift in Sources */ = {isa = PBXBuildFile; fileRef = C06C6F862AB4BA51009A1017 /* Location.swift */; };
		C06C6F8B2AB4D3EF009A1017 /* EventManager.swift in Sources */ = {isa = PBXBuildFile; fileRef = C06C6F8A2AB4D3EF009A1017 /* EventManager.swift */; };
		C06C6F8D2AB59A18009A1017 /* Util.swift in Sources */ = {isa = PBXBuildFile; fileRef = C06C6F8C2AB59A18009A1017 /* Util.swift */; };
		C06C6F902AB609ED009A1017 /* CircleToggle.swift in Sources */ = {isa = PBXBuildFile; fileRef = C06C6F8F2AB609ED009A1017 /* CircleToggle.swift */; };
		C0EB808E2AB6BF18007C9F58 /* Persistence.swift in Sources */ = {isa = PBXBuildFile; fileRef = C0EB808D2AB6BF18007C9F58 /* Persistence.swift */; };
		C0EB80B72AB6C349007C9F58 /* RegEvent.xcdatamodeld in Sources */ = {isa = PBXBuildFile; fileRef = C0EB80B52AB6C349007C9F58 /* RegEvent.xcdatamodeld */; };
/* End PBXBuildFile section */

/* Begin PBXFileReference section */
		C06C6F662AB41181009A1017 /* RegEvent.app */ = {isa = PBXFileReference; explicitFileType = wrapper.application; includeInIndex = 0; path = RegEvent.app; sourceTree = BUILT_PRODUCTS_DIR; };
		C06C6F692AB41181009A1017 /* RegEventApp.swift */ = {isa = PBXFileReference; lastKnownFileType = sourcecode.swift; path = RegEventApp.swift; sourceTree = "<group>"; };
		C06C6F6B2AB41181009A1017 /* ContentView.swift */ = {isa = PBXFileReference; lastKnownFileType = sourcecode.swift; path = ContentView.swift; sourceTree = "<group>"; };
		C06C6F6D2AB41182009A1017 /* Assets.xcassets */ = {isa = PBXFileReference; lastKnownFileType = folder.assetcatalog; path = Assets.xcassets; sourceTree = "<group>"; };
		C06C6F702AB41182009A1017 /* Preview Assets.xcassets */ = {isa = PBXFileReference; lastKnownFileType = folder.assetcatalog; path = "Preview Assets.xcassets"; sourceTree = "<group>"; };
		C06C6F772AB41462009A1017 /* Single.swift */ = {isa = PBXFileReference; lastKnownFileType = sourcecode.swift; path = Single.swift; sourceTree = "<group>"; };
		C06C6F792AB468D3009A1017 /* Event.swift */ = {isa = PBXFileReference; lastKnownFileType = sourcecode.swift; path = Event.swift; sourceTree = "<group>"; };
		C06C6F7F2AB48A1F009A1017 /* ModelData.swift */ = {isa = PBXFileReference; lastKnownFileType = sourcecode.swift; path = ModelData.swift; sourceTree = "<group>"; };
		C06C6F812AB48AE0009A1017 /* EventEdit.swift */ = {isa = PBXFileReference; lastKnownFileType = sourcecode.swift; path = EventEdit.swift; sourceTree = "<group>"; };
		C06C6F842AB4B6CC009A1017 /* locationData.json */ = {isa = PBXFileReference; fileEncoding = 4; lastKnownFileType = text.json; path = locationData.json; sourceTree = "<group>"; };
		C06C6F862AB4BA51009A1017 /* Location.swift */ = {isa = PBXFileReference; lastKnownFileType = sourcecode.swift; path = Location.swift; sourceTree = "<group>"; };
		C06C6F8A2AB4D3EF009A1017 /* EventManager.swift */ = {isa = PBXFileReference; lastKnownFileType = sourcecode.swift; path = EventManager.swift; sourceTree = "<group>"; };
		C06C6F8C2AB59A18009A1017 /* Util.swift */ = {isa = PBXFileReference; lastKnownFileType = sourcecode.swift; path = Util.swift; sourceTree = "<group>"; };
		C06C6F8F2AB609ED009A1017 /* CircleToggle.swift */ = {isa = PBXFileReference; lastKnownFileType = sourcecode.swift; path = CircleToggle.swift; sourceTree = "<group>"; };
		C0EB808D2AB6BF18007C9F58 /* Persistence.swift */ = {isa = PBXFileReference; lastKnownFileType = sourcecode.swift; path = Persistence.swift; sourceTree = "<group>"; };
		C0EB80B62AB6C349007C9F58 /* RegEvent.xcdatamodel */ = {isa = PBXFileReference; lastKnownFileType = wrapper.xcdatamodel; path = RegEvent.xcdatamodel; sourceTree = "<group>"; };
/* End PBXFileReference section */

/* Begin PBXFrameworksBuildPhase section */
		C06C6F632AB41181009A1017 /* Frameworks */ = {
			isa = PBXFrameworksBuildPhase;
			buildActionMask = 2147483647;
			files = (
			);
			runOnlyForDeploymentPostprocessing = 0;
		};
/* End PBXFrameworksBuildPhase section */

/* Begin PBXGroup section */
		C06C6F5D2AB41181009A1017 = {
			isa = PBXGroup;
			children = (
				C06C6F682AB41181009A1017 /* RegEvent */,
				C06C6F672AB41181009A1017 /* Products */,
			);
			sourceTree = "<group>";
		};
		C06C6F672AB41181009A1017 /* Products */ = {
			isa = PBXGroup;
			children = (
				C06C6F662AB41181009A1017 /* RegEvent.app */,
			);
			name = Products;
			sourceTree = "<group>";
		};
		C06C6F682AB41181009A1017 /* RegEvent */ = {
			isa = PBXGroup;
			children = (
				C06C6F692AB41181009A1017 /* RegEventApp.swift */,
				C06C6F6D2AB41182009A1017 /* Assets.xcassets */,
				C0EB80812AB6BC26007C9F58 /* Data */,
				C06C6F8E2AB609D1009A1017 /* Helper */,
				C06C6F7D2AB46C2D009A1017 /* Model */,
				C06C6F6F2AB41182009A1017 /* Preview Content */,
				C06C6F832AB4B664009A1017 /* Resource */,
				C06C6F882AB4D383009A1017 /* Util */,
				C06C6F7E2AB46C3D009A1017 /* View */,
			);
			path = RegEvent;
			sourceTree = "<group>";
		};
		C06C6F6F2AB41182009A1017 /* Preview Content */ = {
			isa = PBXGroup;
			children = (
				C06C6F702AB41182009A1017 /* Preview Assets.xcassets */,
			);
			path = "Preview Content";
			sourceTree = "<group>";
		};
		C06C6F7D2AB46C2D009A1017 /* Model */ = {
			isa = PBXGroup;
			children = (
				C06C6F792AB468D3009A1017 /* Event.swift */,
				C06C6F862AB4BA51009A1017 /* Location.swift */,
				C06C6F7F2AB48A1F009A1017 /* ModelData.swift */,
			);
			path = Model;
			sourceTree = "<group>";
		};
		C06C6F7E2AB46C3D009A1017 /* View */ = {
			isa = PBXGroup;
			children = (
				C06C6F6B2AB41181009A1017 /* ContentView.swift */,
				C06C6F812AB48AE0009A1017 /* EventEdit.swift */,
				C06C6F772AB41462009A1017 /* Single.swift */,
			);
			path = View;
			sourceTree = "<group>";
		};
		C06C6F832AB4B664009A1017 /* Resource */ = {
			isa = PBXGroup;
			children = (
				C06C6F842AB4B6CC009A1017 /* locationData.json */,
			);
			path = Resource;
			sourceTree = "<group>";
		};
		C06C6F882AB4D383009A1017 /* Util */ = {
			isa = PBXGroup;
			children = (
				C06C6F8A2AB4D3EF009A1017 /* EventManager.swift */,
				C06C6F8C2AB59A18009A1017 /* Util.swift */,
			);
			path = Util;
			sourceTree = "<group>";
		};
		C06C6F8E2AB609D1009A1017 /* Helper */ = {
			isa = PBXGroup;
			children = (
				C06C6F8F2AB609ED009A1017 /* CircleToggle.swift */,
			);
			path = Helper;
			sourceTree = "<group>";
		};
		C0EB80812AB6BC26007C9F58 /* Data */ = {
			isa = PBXGroup;
			children = (
				C0EB808D2AB6BF18007C9F58 /* Persistence.swift */,
				C0EB80B52AB6C349007C9F58 /* RegEvent.xcdatamodeld */,
			);
			path = Data;
			sourceTree = "<group>";
		};
/* End PBXGroup section */

/* Begin PBXNativeTarget section */
		C06C6F652AB41181009A1017 /* RegEvent */ = {
			isa = PBXNativeTarget;
			buildConfigurationList = C06C6F742AB41182009A1017 /* Build configuration list for PBXNativeTarget "RegEvent" */;
			buildPhases = (
				C06C6F622AB41181009A1017 /* Sources */,
				C06C6F632AB41181009A1017 /* Frameworks */,
				C06C6F642AB41181009A1017 /* Resources */,
			);
			buildRules = (
			);
			dependencies = (
			);
			name = RegEvent;
			productName = RegEvent;
			productReference = C06C6F662AB41181009A1017 /* RegEvent.app */;
			productType = "com.apple.product-type.application";
		};
/* End PBXNativeTarget section */

/* Begin PBXProject section */
		C06C6F5E2AB41181009A1017 /* Project object */ = {
			isa = PBXProject;
			attributes = {
				BuildIndependentTargetsInParallel = 1;
				LastSwiftUpdateCheck = 1430;
				LastUpgradeCheck = 1430;
				TargetAttributes = {
					C06C6F652AB41181009A1017 = {
						CreatedOnToolsVersion = 14.3.1;
					};
				};
			};
			buildConfigurationList = C06C6F612AB41181009A1017 /* Build configuration list for PBXProject "RegEvent" */;
			compatibilityVersion = "Xcode 14.0";
			developmentRegion = en;
			hasScannedForEncodings = 0;
			knownRegions = (
				en,
				Base,
			);
			mainGroup = C06C6F5D2AB41181009A1017;
			productRefGroup = C06C6F672AB41181009A1017 /* Products */;
			projectDirPath = "";
			projectRoot = "";
			targets = (
				C06C6F652AB41181009A1017 /* RegEvent */,
			);
		};
/* End PBXProject section */

/* Begin PBXResourcesBuildPhase section */
		C06C6F642AB41181009A1017 /* Resources */ = {
			isa = PBXResourcesBuildPhase;
			buildActionMask = 2147483647;
			files = (
				C06C6F712AB41182009A1017 /* Preview Assets.xcassets in Resources */,
				C06C6F6E2AB41182009A1017 /* Assets.xcassets in Resources */,
				C06C6F852AB4B6CC009A1017 /* locationData.json in Resources */,
			);
			runOnlyForDeploymentPostprocessing = 0;
		};
/* End PBXResourcesBuildPhase section */

/* Begin PBXSourcesBuildPhase section */
		C06C6F622AB41181009A1017 /* Sources */ = {
			isa = PBXSourcesBuildPhase;
			buildActionMask = 2147483647;
			files = (
				C06C6F782AB41462009A1017 /* Single.swift in Sources */,
				C0EB80B72AB6C349007C9F58 /* RegEvent.xcdatamodeld in Sources */,
				C06C6F8D2AB59A18009A1017 /* Util.swift in Sources */,
				C06C6F6C2AB41181009A1017 /* ContentView.swift in Sources */,
				C0EB808E2AB6BF18007C9F58 /* Persistence.swift in Sources */,
				C06C6F902AB609ED009A1017 /* CircleToggle.swift in Sources */,
				C06C6F872AB4BA51009A1017 /* Location.swift in Sources */,
				C06C6F8B2AB4D3EF009A1017 /* EventManager.swift in Sources */,
				C06C6F7A2AB468D3009A1017 /* Event.swift in Sources */,
				C06C6F6A2AB41181009A1017 /* RegEventApp.swift in Sources */,
				C06C6F822AB48AE0009A1017 /* EventEdit.swift in Sources */,
				C06C6F802AB48A1F009A1017 /* ModelData.swift in Sources */,
			);
			runOnlyForDeploymentPostprocessing = 0;
		};
/* End PBXSourcesBuildPhase section */

/* Begin XCBuildConfiguration section */
		C06C6F722AB41182009A1017 /* Debug */ = {
			isa = XCBuildConfiguration;
			buildSettings = {
				ALWAYS_SEARCH_USER_PATHS = NO;
				CLANG_ANALYZER_NONNULL = YES;
				CLANG_ANALYZER_NUMBER_OBJECT_CONVERSION = YES_AGGRESSIVE;
				CLANG_CXX_LANGUAGE_STANDARD = "gnu++20";
				CLANG_ENABLE_MODULES = YES;
				CLANG_ENABLE_OBJC_ARC = YES;
				CLANG_ENABLE_OBJC_WEAK = YES;
				CLANG_WARN_BLOCK_CAPTURE_AUTORELEASING = YES;
				CLANG_WARN_BOOL_CONVERSION = YES;
				CLANG_WARN_COMMA = YES;
				CLANG_WARN_CONSTANT_CONVERSION = YES;
				CLANG_WARN_DEPRECATED_OBJC_IMPLEMENTATIONS = YES;
				CLANG_WARN_DIRECT_OBJC_ISA_USAGE = YES_ERROR;
				CLANG_WARN_DOCUMENTATION_COMMENTS = YES;
				CLANG_WARN_EMPTY_BODY = YES;
				CLANG_WARN_ENUM_CONVERSION = YES;
				CLANG_WARN_INFINITE_RECURSION = YES;
				CLANG_WARN_INT_CONVERSION = YES;
				CLANG_WARN_NON_LITERAL_NULL_CONVERSION = YES;
				CLANG_WARN_OBJC_IMPLICIT_RETAIN_SELF = YES;
				CLANG_WARN_OBJC_LITERAL_CONVERSION = YES;
				CLANG_WARN_OBJC_ROOT_CLASS = YES_ERROR;
				CLANG_WARN_QUOTED_INCLUDE_IN_FRAMEWORK_HEADER = YES;
				CLANG_WARN_RANGE_LOOP_ANALYSIS = YES;
				CLANG_WARN_STRICT_PROTOTYPES = YES;
				CLANG_WARN_SUSPICIOUS_MOVE = YES;
				CLANG_WARN_UNGUARDED_AVAILABILITY = YES_AGGRESSIVE;
				CLANG_WARN_UNREACHABLE_CODE = YES;
				CLANG_WARN__DUPLICATE_METHOD_MATCH = YES;
				COPY_PHASE_STRIP = NO;
				DEBUG_INFORMATION_FORMAT = dwarf;
				ENABLE_STRICT_OBJC_MSGSEND = YES;
				ENABLE_TESTABILITY = YES;
				GCC_C_LANGUAGE_STANDARD = gnu11;
				GCC_DYNAMIC_NO_PIC = NO;
				GCC_NO_COMMON_BLOCKS = YES;
				GCC_OPTIMIZATION_LEVEL = 0;
				GCC_PREPROCESSOR_DEFINITIONS = (
					"DEBUG=1",
					"$(inherited)",
				);
				GCC_WARN_64_TO_32_BIT_CONVERSION = YES;
				GCC_WARN_ABOUT_RETURN_TYPE = YES_ERROR;
				GCC_WARN_UNDECLARED_SELECTOR = YES;
				GCC_WARN_UNINITIALIZED_AUTOS = YES_AGGRESSIVE;
				GCC_WARN_UNUSED_FUNCTION = YES;
				GCC_WARN_UNUSED_VARIABLE = YES;
				IPHONEOS_DEPLOYMENT_TARGET = 16.4;
				MTL_ENABLE_DEBUG_INFO = INCLUDE_SOURCE;
				MTL_FAST_MATH = YES;
				ONLY_ACTIVE_ARCH = YES;
				SDKROOT = iphoneos;
				SWIFT_ACTIVE_COMPILATION_CONDITIONS = DEBUG;
				SWIFT_OPTIMIZATION_LEVEL = "-Onone";
			};
			name = Debug;
		};
		C06C6F732AB41182009A1017 /* Release */ = {
			isa = XCBuildConfiguration;
			buildSettings = {
				ALWAYS_SEARCH_USER_PATHS = NO;
				CLANG_ANALYZER_NONNULL = YES;
				CLANG_ANALYZER_NUMBER_OBJECT_CONVERSION = YES_AGGRESSIVE;
				CLANG_CXX_LANGUAGE_STANDARD = "gnu++20";
				CLANG_ENABLE_MODULES = YES;
				CLANG_ENABLE_OBJC_ARC = YES;
				CLANG_ENABLE_OBJC_WEAK = YES;
				CLANG_WARN_BLOCK_CAPTURE_AUTORELEASING = YES;
				CLANG_WARN_BOOL_CONVERSION = YES;
				CLANG_WARN_COMMA = YES;
				CLANG_WARN_CONSTANT_CONVERSION = YES;
				CLANG_WARN_DEPRECATED_OBJC_IMPLEMENTATIONS = YES;
				CLANG_WARN_DIRECT_OBJC_ISA_USAGE = YES_ERROR;
				CLANG_WARN_DOCUMENTATION_COMMENTS = YES;
				CLANG_WARN_EMPTY_BODY = YES;
				CLANG_WARN_ENUM_CONVERSION = YES;
				CLANG_WARN_INFINITE_RECURSION = YES;
				CLANG_WARN_INT_CONVERSION = YES;
				CLANG_WARN_NON_LITERAL_NULL_CONVERSION = YES;
				CLANG_WARN_OBJC_IMPLICIT_RETAIN_SELF = YES;
				CLANG_WARN_OBJC_LITERAL_CONVERSION = YES;
				CLANG_WARN_OBJC_ROOT_CLASS = YES_ERROR;
				CLANG_WARN_QUOTED_INCLUDE_IN_FRAMEWORK_HEADER = YES;
				CLANG_WARN_RANGE_LOOP_ANALYSIS = YES;
				CLANG_WARN_STRICT_PROTOTYPES = YES;
				CLANG_WARN_SUSPICIOUS_MOVE = YES;
				CLANG_WARN_UNGUARDED_AVAILABILITY = YES_AGGRESSIVE;
				CLANG_WARN_UNREACHABLE_CODE = YES;
				CLANG_WARN__DUPLICATE_METHOD_MATCH = YES;
				COPY_PHASE_STRIP = NO;
				DEBUG_INFORMATION_FORMAT = "dwarf-with-dsym";
				ENABLE_NS_ASSERTIONS = NO;
				ENABLE_STRICT_OBJC_MSGSEND = YES;
				GCC_C_LANGUAGE_STANDARD = gnu11;
				GCC_NO_COMMON_BLOCKS = YES;
				GCC_WARN_64_TO_32_BIT_CONVERSION = YES;
				GCC_WARN_ABOUT_RETURN_TYPE = YES_ERROR;
				GCC_WARN_UNDECLARED_SELECTOR = YES;
				GCC_WARN_UNINITIALIZED_AUTOS = YES_AGGRESSIVE;
				GCC_WARN_UNUSED_FUNCTION = YES;
				GCC_WARN_UNUSED_VARIABLE = YES;
				IPHONEOS_DEPLOYMENT_TARGET = 16.4;
				MTL_ENABLE_DEBUG_INFO = NO;
				MTL_FAST_MATH = YES;
				SDKROOT = iphoneos;
				SWIFT_COMPILATION_MODE = wholemodule;
				SWIFT_OPTIMIZATION_LEVEL = "-O";
				VALIDATE_PRODUCT = YES;
			};
			name = Release;
		};
		C06C6F752AB41182009A1017 /* Debug */ = {
			isa = XCBuildConfiguration;
			buildSettings = {
				ASSETCATALOG_COMPILER_APPICON_NAME = AppIcon;
				ASSETCATALOG_COMPILER_GLOBAL_ACCENT_COLOR_NAME = AccentColor;
				CODE_SIGN_STYLE = Automatic;
				CURRENT_PROJECT_VERSION = 1;
				DEVELOPMENT_ASSET_PATHS = "\"RegEvent/Preview Content\"";
				DEVELOPMENT_TEAM = 87QZLH87XU;
				ENABLE_PREVIEWS = YES;
				GENERATE_INFOPLIST_FILE = YES;
				INFOPLIST_KEY_NSCalendarsUsageDescription = "カレンダーにイベントを追加します。";
				INFOPLIST_KEY_UIApplicationSceneManifest_Generation = YES;
				INFOPLIST_KEY_UIApplicationSupportsIndirectInputEvents = YES;
				INFOPLIST_KEY_UILaunchScreen_Generation = YES;
				INFOPLIST_KEY_UISupportedInterfaceOrientations_iPad = "UIInterfaceOrientationPortrait UIInterfaceOrientationPortraitUpsideDown UIInterfaceOrientationLandscapeLeft UIInterfaceOrientationLandscapeRight";
				INFOPLIST_KEY_UISupportedInterfaceOrientations_iPhone = "UIInterfaceOrientationPortrait UIInterfaceOrientationLandscapeLeft UIInterfaceOrientationLandscapeRight";
				LD_RUNPATH_SEARCH_PATHS = (
					"$(inherited)",
					"@executable_path/Frameworks",
				);
				MARKETING_VERSION = 1.0;
				PRODUCT_BUNDLE_IDENTIFIER = "y-aut.RegEvent";
				PRODUCT_NAME = "$(TARGET_NAME)";
				SWIFT_EMIT_LOC_STRINGS = YES;
				SWIFT_VERSION = 5.0;
				TARGETED_DEVICE_FAMILY = "1,2";
			};
			name = Debug;
		};
		C06C6F762AB41182009A1017 /* Release */ = {
			isa = XCBuildConfiguration;
			buildSettings = {
				ASSETCATALOG_COMPILER_APPICON_NAME = AppIcon;
				ASSETCATALOG_COMPILER_GLOBAL_ACCENT_COLOR_NAME = AccentColor;
				CODE_SIGN_STYLE = Automatic;
				CURRENT_PROJECT_VERSION = 1;
				DEVELOPMENT_ASSET_PATHS = "\"RegEvent/Preview Content\"";
				DEVELOPMENT_TEAM = 87QZLH87XU;
				ENABLE_PREVIEWS = YES;
				GENERATE_INFOPLIST_FILE = YES;
				INFOPLIST_KEY_NSCalendarsUsageDescription = "カレンダーにイベントを追加します。";
				INFOPLIST_KEY_UIApplicationSceneManifest_Generation = YES;
				INFOPLIST_KEY_UIApplicationSupportsIndirectInputEvents = YES;
				INFOPLIST_KEY_UILaunchScreen_Generation = YES;
				INFOPLIST_KEY_UISupportedInterfaceOrientations_iPad = "UIInterfaceOrientationPortrait UIInterfaceOrientationPortraitUpsideDown UIInterfaceOrientationLandscapeLeft UIInterfaceOrientationLandscapeRight";
				INFOPLIST_KEY_UISupportedInterfaceOrientations_iPhone = "UIInterfaceOrientationPortrait UIInterfaceOrientationLandscapeLeft UIInterfaceOrientationLandscapeRight";
				LD_RUNPATH_SEARCH_PATHS = (
					"$(inherited)",
					"@executable_path/Frameworks",
				);
				MARKETING_VERSION = 1.0;
				PRODUCT_BUNDLE_IDENTIFIER = "y-aut.RegEvent";
				PRODUCT_NAME = "$(TARGET_NAME)";
				SWIFT_EMIT_LOC_STRINGS = YES;
				SWIFT_VERSION = 5.0;
				TARGETED_DEVICE_FAMILY = "1,2";
			};
			name = Release;
		};
/* End XCBuildConfiguration section */

/* Begin XCConfigurationList section */
		C06C6F612AB41181009A1017 /* Build configuration list for PBXProject "RegEvent" */ = {
			isa = XCConfigurationList;
			buildConfigurations = (
				C06C6F722AB41182009A1017 /* Debug */,
				C06C6F732AB41182009A1017 /* Release */,
			);
			defaultConfigurationIsVisible = 0;
			defaultConfigurationName = Release;
		};
		C06C6F742AB41182009A1017 /* Build configuration list for PBXNativeTarget "RegEvent" */ = {
			isa = XCConfigurationList;
			buildConfigurations = (
				C06C6F752AB41182009A1017 /* Debug */,
				C06C6F762AB41182009A1017 /* Release */,
			);
			defaultConfigurationIsVisible = 0;
			defaultConfigurationName = Release;
		};
/* End XCConfigurationList section */

/* Begin XCVersionGroup section */
		C0EB80B52AB6C349007C9F58 /* RegEvent.xcdatamodeld */ = {
			isa = XCVersionGroup;
			children = (
				C0EB80B62AB6C349007C9F58 /* RegEvent.xcdatamodel */,
			);
			currentVersion = C0EB80B62AB6C349007C9F58 /* RegEvent.xcdatamodel */;
			path = RegEvent.xcdatamodeld;
			sourceTree = "<group>";
			versionGroupType = wrapper.xcdatamodel;
		};
/* End XCVersionGroup section */
	};
	rootObject = C06C6F5E2AB41181009A1017 /* Project object */;
}
